
Microsoft Visual Studio Solution File, Format Version 12.00
# Visual Studio Version 17
VisualStudioVersion = 17.3.32825.248
MinimumVisualStudioVersion = 10.0.40219.1
Project("{FAE04EC0-301F-11D3-BF4B-00C04F79EFBC}") = "AndreevAndreyKT-41-20", "AndreevAndreyKT-41-20.csproj", "{45202566-1D87-4CF9-9404-6708211B8822}"
EndProject
Global
	GlobalSection(SolutionConfigurationPlatforms) = preSolution
		Debug|Any CPU = Debug|Any CPU
		Release|Any CPU = Release|Any CPU
	EndGlobalSection
	GlobalSection(ProjectConfigurationPlatforms) = postSolution
		{45202566-1D87-4CF9-9404-6708211B8822}.Debug|Any CPU.ActiveCfg = Debug|Any CPU
		{45202566-1D87-4CF9-9404-6708211B8822}.Debug|Any CPU.Build.0 = Debug|Any CPU
		{45202566-1D87-4CF9-9404-6708211B8822}.Release|Any CPU.ActiveCfg = Release|Any CPU
		{45202566-1D87-4CF9-9404-6708211B8822}.Release|Any CPU.Build.0 = Release|Any CPU
	EndGlobalSection
	GlobalSection(SolutionProperties) = preSolution
		HideSolutionNode = FALSE
	EndGlobalSection
	GlobalSection(ExtensibilityGlobals) = postSolution
		SolutionGuid = {4D91D85E-688D-4393-BFD7-19C57612D436}
	EndGlobalSection
EndGlobal
